
Microsoft Visual Studio Solution File, Format Version 12.00
# Visual Studio Version 17
VisualStudioVersion = 17.3.32825.248
MinimumVisualStudioVersion = 10.0.40219.1
Project("{FAE04EC0-301F-11D3-BF4B-00C04F79EFBC}") = "AssetsManagement", "AssetsManagement\AssetsManagement.csproj", "{3AC15C22-229D-4368-A5B7-E81CECC7979A}"
EndProject
Global
	GlobalSection(SolutionConfigurationPlatforms) = preSolution
		Debug|Any CPU = Debug|Any CPU
		Release|Any CPU = Release|Any CPU
	EndGlobalSection
	GlobalSection(ProjectConfigurationPlatforms) = postSolution
		{3AC15C22-229D-4368-A5B7-E81CECC7979A}.Debug|Any CPU.ActiveCfg = Debug|Any CPU
		{3AC15C22-229D-4368-A5B7-E81CECC7979A}.Debug|Any CPU.Build.0 = Debug|Any CPU
		{3AC15C22-229D-4368-A5B7-E81CECC7979A}.Release|Any CPU.ActiveCfg = Release|Any CPU
		{3AC15C22-229D-4368-A5B7-E81CECC7979A}.Release|Any CPU.Build.0 = Release|Any CPU
	EndGlobalSection
	GlobalSection(SolutionProperties) = preSolution
		HideSolutionNode = FALSE
	EndGlobalSection
	GlobalSection(ExtensibilityGlobals) = postSolution
		SolutionGuid = {33FBA4E3-B90F-4195-BF1E-F31B21BFA356}
	EndGlobalSection
EndGlobal
